
Microsoft Visual Studio Solution File, Format Version 12.00
# Visual Studio Version 16
VisualStudioVersion = 16.0.30330.147
MinimumVisualStudioVersion = 10.0.40219.1
Project("{FAE04EC0-301F-11D3-BF4B-00C04F79EFBC}") = "PromotionEngine", "PromotionEngine\PromotionEngine.csproj", "{450E65AE-022E-4C49-B12A-E4C5F37DC505}"
EndProject
Project("{FAE04EC0-301F-11D3-BF4B-00C04F79EFBC}") = "PromotionEngine.Tests", "PromotionEngine.Tests\PromotionEngine.Tests.csproj", "{CDAB7313-1F42-4E13-A8D3-C592E536A92F}"
EndProject
Global
	GlobalSection(SolutionConfigurationPlatforms) = preSolution
		Debug|Any CPU = Debug|Any CPU
		Release|Any CPU = Release|Any CPU
	EndGlobalSection
	GlobalSection(ProjectConfigurationPlatforms) = postSolution
		{450E65AE-022E-4C49-B12A-E4C5F37DC505}.Debug|Any CPU.ActiveCfg = Debug|Any CPU
		{450E65AE-022E-4C49-B12A-E4C5F37DC505}.Debug|Any CPU.Build.0 = Debug|Any CPU
		{450E65AE-022E-4C49-B12A-E4C5F37DC505}.Release|Any CPU.ActiveCfg = Release|Any CPU
		{450E65AE-022E-4C49-B12A-E4C5F37DC505}.Release|Any CPU.Build.0 = Release|Any CPU
		{CDAB7313-1F42-4E13-A8D3-C592E536A92F}.Debug|Any CPU.ActiveCfg = Debug|Any CPU
		{CDAB7313-1F42-4E13-A8D3-C592E536A92F}.Debug|Any CPU.Build.0 = Debug|Any CPU
		{CDAB7313-1F42-4E13-A8D3-C592E536A92F}.Release|Any CPU.ActiveCfg = Release|Any CPU
		{CDAB7313-1F42-4E13-A8D3-C592E536A92F}.Release|Any CPU.Build.0 = Release|Any CPU
	EndGlobalSection
	GlobalSection(SolutionProperties) = preSolution
		HideSolutionNode = FALSE
	EndGlobalSection
	GlobalSection(ExtensibilityGlobals) = postSolution
		SolutionGuid = {B04FAEDA-0F87-4919-87C0-CF481F45B00D}
	EndGlobalSection
EndGlobal
